
Microsoft Visual Studio Solution File, Format Version 12.00
# Visual Studio Version 17
VisualStudioVersion = 17.4.33122.133
MinimumVisualStudioVersion = 10.0.40219.1
Project("{FAE04EC0-301F-11D3-BF4B-00C04F79EFBC}") = "Idk.Web", "Idk.Web\Idk.Web.csproj", "{B33028D7-C50A-4C47-BF53-DECD371B3882}"
EndProject
Project("{FAE04EC0-301F-11D3-BF4B-00C04F79EFBC}") = "Idk.Application", "Idk.Application\Idk.Application.csproj", "{517034E6-C49E-4D34-A2EB-AB78CAF59536}"
EndProject
Project("{FAE04EC0-301F-11D3-BF4B-00C04F79EFBC}") = "Idk.Domain", "Idk.Domain\Idk.Domain.csproj", "{84CAFF63-E345-4F8D-AD4C-F166A630F63A}"
EndProject
Global
	GlobalSection(SolutionConfigurationPlatforms) = preSolution
		Debug|Any CPU = Debug|Any CPU
		Release|Any CPU = Release|Any CPU
	EndGlobalSection
	GlobalSection(ProjectConfigurationPlatforms) = postSolution
		{B33028D7-C50A-4C47-BF53-DECD371B3882}.Debug|Any CPU.ActiveCfg = Debug|Any CPU
		{B33028D7-C50A-4C47-BF53-DECD371B3882}.Debug|Any CPU.Build.0 = Debug|Any CPU
		{B33028D7-C50A-4C47-BF53-DECD371B3882}.Release|Any CPU.ActiveCfg = Release|Any CPU
		{B33028D7-C50A-4C47-BF53-DECD371B3882}.Release|Any CPU.Build.0 = Release|Any CPU
		{517034E6-C49E-4D34-A2EB-AB78CAF59536}.Debug|Any CPU.ActiveCfg = Debug|Any CPU
		{517034E6-C49E-4D34-A2EB-AB78CAF59536}.Debug|Any CPU.Build.0 = Debug|Any CPU
		{517034E6-C49E-4D34-A2EB-AB78CAF59536}.Release|Any CPU.ActiveCfg = Release|Any CPU
		{517034E6-C49E-4D34-A2EB-AB78CAF59536}.Release|Any CPU.Build.0 = Release|Any CPU
		{84CAFF63-E345-4F8D-AD4C-F166A630F63A}.Debug|Any CPU.ActiveCfg = Debug|Any CPU
		{84CAFF63-E345-4F8D-AD4C-F166A630F63A}.Debug|Any CPU.Build.0 = Debug|Any CPU
		{84CAFF63-E345-4F8D-AD4C-F166A630F63A}.Release|Any CPU.ActiveCfg = Release|Any CPU
		{84CAFF63-E345-4F8D-AD4C-F166A630F63A}.Release|Any CPU.Build.0 = Release|Any CPU
	EndGlobalSection
	GlobalSection(SolutionProperties) = preSolution
		HideSolutionNode = FALSE
	EndGlobalSection
	GlobalSection(ExtensibilityGlobals) = postSolution
		SolutionGuid = {9A2BB46F-0118-46B7-B1A5-233BD3F6955D}
	EndGlobalSection
EndGlobal
